// !$*UTF8*$!
{
	archiveVersion = 1;
	classes = {
	};
	objectVersion = 77;
	objects = {

/* Begin PBXBuildFile section */
		4C1E030D2D5937DA0003C4B7 /* Collections in Frameworks */ = {isa = PBXBuildFile; productRef = 4C1E030C2D5937DA0003C4B7 /* Collections */; };
/* End PBXBuildFile section */

/* Begin PBXContainerItemProxy section */
		4C1E02EB2D58E0570003C4B7 /* PBXContainerItemProxy */ = {
			isa = PBXContainerItemProxy;
			containerPortal = 4C1E02D22D58E0560003C4B7 /* Project object */;
			proxyType = 1;
			remoteGlobalIDString = 4C1E02D92D58E0560003C4B7;
			remoteInfo = Wingding;
		};
		4C1E02F52D58E0570003C4B7 /* PBXContainerItemProxy */ = {
			isa = PBXContainerItemProxy;
			containerPortal = 4C1E02D22D58E0560003C4B7 /* Project object */;
			proxyType = 1;
			remoteGlobalIDString = 4C1E02D92D58E0560003C4B7;
			remoteInfo = Wingding;
		};
/* End PBXContainerItemProxy section */

/* Begin PBXFileReference section */
		4C1E02DA2D58E0560003C4B7 /* Wingding.app */ = {isa = PBXFileReference; explicitFileType = wrapper.application; includeInIndex = 0; path = Wingding.app; sourceTree = BUILT_PRODUCTS_DIR; };
		4C1E02EA2D58E0570003C4B7 /* WingdingTests.xctest */ = {isa = PBXFileReference; explicitFileType = wrapper.cfbundle; includeInIndex = 0; path = WingdingTests.xctest; sourceTree = BUILT_PRODUCTS_DIR; };
		4C1E02F42D58E0570003C4B7 /* WingdingUITests.xctest */ = {isa = PBXFileReference; explicitFileType = wrapper.cfbundle; includeInIndex = 0; path = WingdingUITests.xctest; sourceTree = BUILT_PRODUCTS_DIR; };
/* End PBXFileReference section */

/* Begin PBXFileSystemSynchronizedRootGroup section */
		4C1E02DC2D58E0560003C4B7 /* Wingding */ = {
			isa = PBXFileSystemSynchronizedRootGroup;
			path = Wingding;
			sourceTree = "<group>";
		};
		4C1E02ED2D58E0570003C4B7 /* WingdingTests */ = {
			isa = PBXFileSystemSynchronizedRootGroup;
			path = WingdingTests;
			sourceTree = "<group>";
		};
		4C1E02F72D58E0570003C4B7 /* WingdingUITests */ = {
			isa = PBXFileSystemSynchronizedRootGroup;
			path = WingdingUITests;
			sourceTree = "<group>";
		};
/* End PBXFileSystemSynchronizedRootGroup section */

/* Begin PBXFrameworksBuildPhase section */
		4C1E02D72D58E0560003C4B7 /* Frameworks */ = {
			isa = PBXFrameworksBuildPhase;
			buildActionMask = 2147483647;
			files = (
				4C1E030D2D5937DA0003C4B7 /* Collections in Frameworks */,
			);
			runOnlyForDeploymentPostprocessing = 0;
		};
		4C1E02E72D58E0570003C4B7 /* Frameworks */ = {
			isa = PBXFrameworksBuildPhase;
			buildActionMask = 2147483647;
			files = (
			);
			runOnlyForDeploymentPostprocessing = 0;
		};
		4C1E02F12D58E0570003C4B7 /* Frameworks */ = {
			isa = PBXFrameworksBuildPhase;
			buildActionMask = 2147483647;
			files = (
			);
			runOnlyForDeploymentPostprocessing = 0;
		};
/* End PBXFrameworksBuildPhase section */

/* Begin PBXGroup section */
		4C1E02D12D58E0560003C4B7 = {
			isa = PBXGroup;
			children = (
				4C1E02DC2D58E0560003C4B7 /* Wingding */,
				4C1E02ED2D58E0570003C4B7 /* WingdingTests */,
				4C1E02F72D58E0570003C4B7 /* WingdingUITests */,
				4C1E02DB2D58E0560003C4B7 /* Products */,
			);
			sourceTree = "<group>";
		};
		4C1E02DB2D58E0560003C4B7 /* Products */ = {
			isa = PBXGroup;
			children = (
				4C1E02DA2D58E0560003C4B7 /* Wingding.app */,
				4C1E02EA2D58E0570003C4B7 /* WingdingTests.xctest */,
				4C1E02F42D58E0570003C4B7 /* WingdingUITests.xctest */,
			);
			name = Products;
			sourceTree = "<group>";
		};
/* End PBXGroup section */

/* Begin PBXNativeTarget section */
		4C1E02D92D58E0560003C4B7 /* Wingding */ = {
			isa = PBXNativeTarget;
			buildConfigurationList = 4C1E02FE2D58E0570003C4B7 /* Build configuration list for PBXNativeTarget "Wingding" */;
			buildPhases = (
				4C1E02D62D58E0560003C4B7 /* Sources */,
				4C1E02D72D58E0560003C4B7 /* Frameworks */,
				4C1E02D82D58E0560003C4B7 /* Resources */,
			);
			buildRules = (
			);
			dependencies = (
			);
			fileSystemSynchronizedGroups = (
				4C1E02DC2D58E0560003C4B7 /* Wingding */,
			);
			name = Wingding;
			packageProductDependencies = (
				4C1E030C2D5937DA0003C4B7 /* Collections */,
			);
			productName = Wingding;
			productReference = 4C1E02DA2D58E0560003C4B7 /* Wingding.app */;
			productType = "com.apple.product-type.application";
		};
		4C1E02E92D58E0570003C4B7 /* WingdingTests */ = {
			isa = PBXNativeTarget;
			buildConfigurationList = 4C1E03012D58E0570003C4B7 /* Build configuration list for PBXNativeTarget "WingdingTests" */;
			buildPhases = (
				4C1E02E62D58E0570003C4B7 /* Sources */,
				4C1E02E72D58E0570003C4B7 /* Frameworks */,
				4C1E02E82D58E0570003C4B7 /* Resources */,
			);
			buildRules = (
			);
			dependencies = (
				4C1E02EC2D58E0570003C4B7 /* PBXTargetDependency */,
			);
			fileSystemSynchronizedGroups = (
				4C1E02ED2D58E0570003C4B7 /* WingdingTests */,
			);
			name = WingdingTests;
			packageProductDependencies = (
			);
			productName = WingdingTests;
			productReference = 4C1E02EA2D58E0570003C4B7 /* WingdingTests.xctest */;
			productType = "com.apple.product-type.bundle.unit-test";
		};
		4C1E02F32D58E0570003C4B7 /* WingdingUITests */ = {
			isa = PBXNativeTarget;
			buildConfigurationList = 4C1E03042D58E0570003C4B7 /* Build configuration list for PBXNativeTarget "WingdingUITests" */;
			buildPhases = (
				4C1E02F02D58E0570003C4B7 /* Sources */,
				4C1E02F12D58E0570003C4B7 /* Frameworks */,
				4C1E02F22D58E0570003C4B7 /* Resources */,
			);
			buildRules = (
			);
			dependencies = (
				4C1E02F62D58E0570003C4B7 /* PBXTargetDependency */,
			);
			fileSystemSynchronizedGroups = (
				4C1E02F72D58E0570003C4B7 /* WingdingUITests */,
			);
			name = WingdingUITests;
			packageProductDependencies = (
			);
			productName = WingdingUITests;
			productReference = 4C1E02F42D58E0570003C4B7 /* WingdingUITests.xctest */;
			productType = "com.apple.product-type.bundle.ui-testing";
		};
/* End PBXNativeTarget section */

/* Begin PBXProject section */
		4C1E02D22D58E0560003C4B7 /* Project object */ = {
			isa = PBXProject;
			attributes = {
				BuildIndependentTargetsInParallel = 1;
				LastSwiftUpdateCheck = 1600;
				LastUpgradeCheck = 1600;
				TargetAttributes = {
					4C1E02D92D58E0560003C4B7 = {
						CreatedOnToolsVersion = 16.0;
					};
					4C1E02E92D58E0570003C4B7 = {
						CreatedOnToolsVersion = 16.0;
						TestTargetID = 4C1E02D92D58E0560003C4B7;
					};
					4C1E02F32D58E0570003C4B7 = {
						CreatedOnToolsVersion = 16.0;
						TestTargetID = 4C1E02D92D58E0560003C4B7;
					};
				};
			};
			buildConfigurationList = 4C1E02D52D58E0560003C4B7 /* Build configuration list for PBXProject "Wingding" */;
			developmentRegion = en;
			hasScannedForEncodings = 0;
			knownRegions = (
				en,
				Base,
			);
			mainGroup = 4C1E02D12D58E0560003C4B7;
			minimizedProjectReferenceProxies = 1;
			packageReferences = (
				4C1E030B2D59375C0003C4B7 /* XCRemoteSwiftPackageReference "swift-collections" */,
			);
			preferredProjectObjectVersion = 77;
			productRefGroup = 4C1E02DB2D58E0560003C4B7 /* Products */;
			projectDirPath = "";
			projectRoot = "";
			targets = (
				4C1E02D92D58E0560003C4B7 /* Wingding */,
				4C1E02E92D58E0570003C4B7 /* WingdingTests */,
				4C1E02F32D58E0570003C4B7 /* WingdingUITests */,
			);
		};
/* End PBXProject section */

/* Begin PBXResourcesBuildPhase section */
		4C1E02D82D58E0560003C4B7 /* Resources */ = {
			isa = PBXResourcesBuildPhase;
			buildActionMask = 2147483647;
			files = (
			);
			runOnlyForDeploymentPostprocessing = 0;
		};
		4C1E02E82D58E0570003C4B7 /* Resources */ = {
			isa = PBXResourcesBuildPhase;
			buildActionMask = 2147483647;
			files = (
			);
			runOnlyForDeploymentPostprocessing = 0;
		};
		4C1E02F22D58E0570003C4B7 /* Resources */ = {
			isa = PBXResourcesBuildPhase;
			buildActionMask = 2147483647;
			files = (
			);
			runOnlyForDeploymentPostprocessing = 0;
		};
/* End PBXResourcesBuildPhase section */

/* Begin PBXSourcesBuildPhase section */
		4C1E02D62D58E0560003C4B7 /* Sources */ = {
			isa = PBXSourcesBuildPhase;
			buildActionMask = 2147483647;
			files = (
			);
			runOnlyForDeploymentPostprocessing = 0;
		};
		4C1E02E62D58E0570003C4B7 /* Sources */ = {
			isa = PBXSourcesBuildPhase;
			buildActionMask = 2147483647;
			files = (
			);
			runOnlyForDeploymentPostprocessing = 0;
		};
		4C1E02F02D58E0570003C4B7 /* Sources */ = {
			isa = PBXSourcesBuildPhase;
			buildActionMask = 2147483647;
			files = (
			);
			runOnlyForDeploymentPostprocessing = 0;
		};
/* End PBXSourcesBuildPhase section */

/* Begin PBXTargetDependency section */
		4C1E02EC2D58E0570003C4B7 /* PBXTargetDependency */ = {
			isa = PBXTargetDependency;
			target = 4C1E02D92D58E0560003C4B7 /* Wingding */;
			targetProxy = 4C1E02EB2D58E0570003C4B7 /* PBXContainerItemProxy */;
		};
		4C1E02F62D58E0570003C4B7 /* PBXTargetDependency */ = {
			isa = PBXTargetDependency;
			target = 4C1E02D92D58E0560003C4B7 /* Wingding */;
			targetProxy = 4C1E02F52D58E0570003C4B7 /* PBXContainerItemProxy */;
		};
/* End PBXTargetDependency section */

/* Begin XCBuildConfiguration section */
		4C1E02FC2D58E0570003C4B7 /* Debug */ = {
			isa = XCBuildConfiguration;
			buildSettings = {
				ALWAYS_SEARCH_USER_PATHS = NO;
				ASSETCATALOG_COMPILER_GENERATE_SWIFT_ASSET_SYMBOL_EXTENSIONS = YES;
				CLANG_ANALYZER_NONNULL = YES;
				CLANG_ANALYZER_NUMBER_OBJECT_CONVERSION = YES_AGGRESSIVE;
				CLANG_CXX_LANGUAGE_STANDARD = "gnu++20";
				CLANG_ENABLE_MODULES = YES;
				CLANG_ENABLE_OBJC_ARC = YES;
				CLANG_ENABLE_OBJC_WEAK = YES;
				CLANG_WARN_BLOCK_CAPTURE_AUTORELEASING = YES;
				CLANG_WARN_BOOL_CONVERSION = YES;
				CLANG_WARN_COMMA = YES;
				CLANG_WARN_CONSTANT_CONVERSION = YES;
				CLANG_WARN_DEPRECATED_OBJC_IMPLEMENTATIONS = YES;
				CLANG_WARN_DIRECT_OBJC_ISA_USAGE = YES_ERROR;
				CLANG_WARN_DOCUMENTATION_COMMENTS = YES;
				CLANG_WARN_EMPTY_BODY = YES;
				CLANG_WARN_ENUM_CONVERSION = YES;
				CLANG_WARN_INFINITE_RECURSION = YES;
				CLANG_WARN_INT_CONVERSION = YES;
				CLANG_WARN_NON_LITERAL_NULL_CONVERSION = YES;
				CLANG_WARN_OBJC_IMPLICIT_RETAIN_SELF = YES;
				CLANG_WARN_OBJC_LITERAL_CONVERSION = YES;
				CLANG_WARN_OBJC_ROOT_CLASS = YES_ERROR;
				CLANG_WARN_QUOTED_INCLUDE_IN_FRAMEWORK_HEADER = YES;
				CLANG_WARN_RANGE_LOOP_ANALYSIS = YES;
				CLANG_WARN_STRICT_PROTOTYPES = YES;
				CLANG_WARN_SUSPICIOUS_MOVE = YES;
				CLANG_WARN_UNGUARDED_AVAILABILITY = YES_AGGRESSIVE;
				CLANG_WARN_UNREACHABLE_CODE = YES;
				CLANG_WARN__DUPLICATE_METHOD_MATCH = YES;
				COPY_PHASE_STRIP = NO;
				DEBUG_INFORMATION_FORMAT = dwarf;
				ENABLE_STRICT_OBJC_MSGSEND = YES;
				ENABLE_TESTABILITY = YES;
				ENABLE_USER_SCRIPT_SANDBOXING = YES;
				GCC_C_LANGUAGE_STANDARD = gnu17;
				GCC_DYNAMIC_NO_PIC = NO;
				GCC_NO_COMMON_BLOCKS = YES;
				GCC_OPTIMIZATION_LEVEL = 0;
				GCC_PREPROCESSOR_DEFINITIONS = (
					"DEBUG=1",
					"$(inherited)",
				);
				GCC_WARN_64_TO_32_BIT_CONVERSION = YES;
				GCC_WARN_ABOUT_RETURN_TYPE = YES_ERROR;
				GCC_WARN_UNDECLARED_SELECTOR = YES;
				GCC_WARN_UNINITIALIZED_AUTOS = YES_AGGRESSIVE;
				GCC_WARN_UNUSED_FUNCTION = YES;
				GCC_WARN_UNUSED_VARIABLE = YES;
				IPHONEOS_DEPLOYMENT_TARGET = 18.0;
				LOCALIZATION_PREFERS_STRING_CATALOGS = YES;
				MTL_ENABLE_DEBUG_INFO = INCLUDE_SOURCE;
				MTL_FAST_MATH = YES;
				ONLY_ACTIVE_ARCH = YES;
				SDKROOT = iphoneos;
				SWIFT_ACTIVE_COMPILATION_CONDITIONS = "DEBUG $(inherited)";
				SWIFT_OPTIMIZATION_LEVEL = "-Onone";
			};
			name = Debug;
		};
		4C1E02FD2D58E0570003C4B7 /* Release */ = {
			isa = XCBuildConfiguration;
			buildSettings = {
				ALWAYS_SEARCH_USER_PATHS = NO;
				ASSETCATALOG_COMPILER_GENERATE_SWIFT_ASSET_SYMBOL_EXTENSIONS = YES;
				CLANG_ANALYZER_NONNULL = YES;
				CLANG_ANALYZER_NUMBER_OBJECT_CONVERSION = YES_AGGRESSIVE;
				CLANG_CXX_LANGUAGE_STANDARD = "gnu++20";
				CLANG_ENABLE_MODULES = YES;
				CLANG_ENABLE_OBJC_ARC = YES;
				CLANG_ENABLE_OBJC_WEAK = YES;
				CLANG_WARN_BLOCK_CAPTURE_AUTORELEASING = YES;
				CLANG_WARN_BOOL_CONVERSION = YES;
				CLANG_WARN_COMMA = YES;
				CLANG_WARN_CONSTANT_CONVERSION = YES;
				CLANG_WARN_DEPRECATED_OBJC_IMPLEMENTATIONS = YES;
				CLANG_WARN_DIRECT_OBJC_ISA_USAGE = YES_ERROR;
				CLANG_WARN_DOCUMENTATION_COMMENTS = YES;
				CLANG_WARN_EMPTY_BODY = YES;
				CLANG_WARN_ENUM_CONVERSION = YES;
				CLANG_WARN_INFINITE_RECURSION = YES;
				CLANG_WARN_INT_CONVERSION = YES;
				CLANG_WARN_NON_LITERAL_NULL_CONVERSION = YES;
				CLANG_WARN_OBJC_IMPLICIT_RETAIN_SELF = YES;
				CLANG_WARN_OBJC_LITERAL_CONVERSION = YES;
				CLANG_WARN_OBJC_ROOT_CLASS = YES_ERROR;
				CLANG_WARN_QUOTED_INCLUDE_IN_FRAMEWORK_HEADER = YES;
				CLANG_WARN_RANGE_LOOP_ANALYSIS = YES;
				CLANG_WARN_STRICT_PROTOTYPES = YES;
				CLANG_WARN_SUSPICIOUS_MOVE = YES;
				CLANG_WARN_UNGUARDED_AVAILABILITY = YES_AGGRESSIVE;
				CLANG_WARN_UNREACHABLE_CODE = YES;
				CLANG_WARN__DUPLICATE_METHOD_MATCH = YES;
				COPY_PHASE_STRIP = NO;
				DEBUG_INFORMATION_FORMAT = "dwarf-with-dsym";
				ENABLE_NS_ASSERTIONS = NO;
				ENABLE_STRICT_OBJC_MSGSEND = YES;
				ENABLE_USER_SCRIPT_SANDBOXING = YES;
				GCC_C_LANGUAGE_STANDARD = gnu17;
				GCC_NO_COMMON_BLOCKS = YES;
				GCC_WARN_64_TO_32_BIT_CONVERSION = YES;
				GCC_WARN_ABOUT_RETURN_TYPE = YES_ERROR;
				GCC_WARN_UNDECLARED_SELECTOR = YES;
				GCC_WARN_UNINITIALIZED_AUTOS = YES_AGGRESSIVE;
				GCC_WARN_UNUSED_FUNCTION = YES;
				GCC_WARN_UNUSED_VARIABLE = YES;
				IPHONEOS_DEPLOYMENT_TARGET = 18.0;
				LOCALIZATION_PREFERS_STRING_CATALOGS = YES;
				MTL_ENABLE_DEBUG_INFO = NO;
				MTL_FAST_MATH = YES;
				SDKROOT = iphoneos;
				SWIFT_COMPILATION_MODE = wholemodule;
				VALIDATE_PRODUCT = YES;
			};
			name = Release;
		};
		4C1E02FF2D58E0570003C4B7 /* Debug */ = {
			isa = XCBuildConfiguration;
			buildSettings = {
				ASSETCATALOG_COMPILER_APPICON_NAME = AppIcon;
				ASSETCATALOG_COMPILER_GLOBAL_ACCENT_COLOR_NAME = AccentColor;
				CODE_SIGN_STYLE = Automatic;
				CURRENT_PROJECT_VERSION = 1;
				DEVELOPMENT_ASSET_PATHS = "\"Wingding/Preview Content\"";
				DEVELOPMENT_TEAM = SJD3J9CYQ8;
				ENABLE_PREVIEWS = YES;
				GENERATE_INFOPLIST_FILE = YES;
				INFOPLIST_KEY_UIApplicationSceneManifest_Generation = YES;
				INFOPLIST_KEY_UIApplicationSupportsIndirectInputEvents = YES;
				INFOPLIST_KEY_UILaunchScreen_Generation = YES;
				INFOPLIST_KEY_UISupportedInterfaceOrientations_iPad = "UIInterfaceOrientationPortrait UIInterfaceOrientationPortraitUpsideDown UIInterfaceOrientationLandscapeLeft UIInterfaceOrientationLandscapeRight";
				INFOPLIST_KEY_UISupportedInterfaceOrientations_iPhone = "UIInterfaceOrientationPortrait UIInterfaceOrientationLandscapeLeft UIInterfaceOrientationLandscapeRight";
				IPHONEOS_DEPLOYMENT_TARGET = 17.4;
				LD_RUNPATH_SEARCH_PATHS = (
					"$(inherited)",
					"@executable_path/Frameworks",
				);
				MARKETING_VERSION = 1.0;
				PRODUCT_BUNDLE_IDENTIFIER = "com.committed-code.Wingding";
				PRODUCT_NAME = "$(TARGET_NAME)";
				SWIFT_EMIT_LOC_STRINGS = YES;
				SWIFT_VERSION = 5.0;
				TARGETED_DEVICE_FAMILY = "1,2";
			};
			name = Debug;
		};
		4C1E03002D58E0570003C4B7 /* Release */ = {
			isa = XCBuildConfiguration;
			buildSettings = {
				ASSETCATALOG_COMPILER_APPICON_NAME = AppIcon;
				ASSETCATALOG_COMPILER_GLOBAL_ACCENT_COLOR_NAME = AccentColor;
				CODE_SIGN_STYLE = Automatic;
				CURRENT_PROJECT_VERSION = 1;
				DEVELOPMENT_ASSET_PATHS = "\"Wingding/Preview Content\"";
				DEVELOPMENT_TEAM = SJD3J9CYQ8;
				ENABLE_PREVIEWS = YES;
				GENERATE_INFOPLIST_FILE = YES;
				INFOPLIST_KEY_UIApplicationSceneManifest_Generation = YES;
				INFOPLIST_KEY_UIApplicationSupportsIndirectInputEvents = YES;
				INFOPLIST_KEY_UILaunchScreen_Generation = YES;
				INFOPLIST_KEY_UISupportedInterfaceOrientations_iPad = "UIInterfaceOrientationPortrait UIInterfaceOrientationPortraitUpsideDown UIInterfaceOrientationLandscapeLeft UIInterfaceOrientationLandscapeRight";
				INFOPLIST_KEY_UISupportedInterfaceOrientations_iPhone = "UIInterfaceOrientationPortrait UIInterfaceOrientationLandscapeLeft UIInterfaceOrientationLandscapeRight";
				IPHONEOS_DEPLOYMENT_TARGET = 17.4;
				LD_RUNPATH_SEARCH_PATHS = (
					"$(inherited)",
					"@executable_path/Frameworks",
				);
				MARKETING_VERSION = 1.0;
				PRODUCT_BUNDLE_IDENTIFIER = "com.committed-code.Wingding";
				PRODUCT_NAME = "$(TARGET_NAME)";
				SWIFT_EMIT_LOC_STRINGS = YES;
				SWIFT_VERSION = 5.0;
				TARGETED_DEVICE_FAMILY = "1,2";
			};
			name = Release;
		};
		4C1E03022D58E0570003C4B7 /* Debug */ = {
			isa = XCBuildConfiguration;
			buildSettings = {
				BUNDLE_LOADER = "$(TEST_HOST)";
				CODE_SIGN_STYLE = Automatic;
				CURRENT_PROJECT_VERSION = 1;
				DEVELOPMENT_TEAM = SJD3J9CYQ8;
				GENERATE_INFOPLIST_FILE = YES;
				IPHONEOS_DEPLOYMENT_TARGET = 17.4;
				MARKETING_VERSION = 1.0;
				PRODUCT_BUNDLE_IDENTIFIER = "com.committed-code.WingdingTests";
				PRODUCT_NAME = "$(TARGET_NAME)";
				SWIFT_EMIT_LOC_STRINGS = NO;
				SWIFT_VERSION = 5.0;
				TARGETED_DEVICE_FAMILY = "1,2";
				TEST_HOST = "$(BUILT_PRODUCTS_DIR)/Wingding.app/$(BUNDLE_EXECUTABLE_FOLDER_PATH)/Wingding";
			};
			name = Debug;
		};
		4C1E03032D58E0570003C4B7 /* Release */ = {
			isa = XCBuildConfiguration;
			buildSettings = {
				BUNDLE_LOADER = "$(TEST_HOST)";
				CODE_SIGN_STYLE = Automatic;
				CURRENT_PROJECT_VERSION = 1;
				DEVELOPMENT_TEAM = SJD3J9CYQ8;
				GENERATE_INFOPLIST_FILE = YES;
				IPHONEOS_DEPLOYMENT_TARGET = 17.4;
				MARKETING_VERSION = 1.0;
				PRODUCT_BUNDLE_IDENTIFIER = "com.committed-code.WingdingTests";
				PRODUCT_NAME = "$(TARGET_NAME)";
				SWIFT_EMIT_LOC_STRINGS = NO;
				SWIFT_VERSION = 5.0;
				TARGETED_DEVICE_FAMILY = "1,2";
				TEST_HOST = "$(BUILT_PRODUCTS_DIR)/Wingding.app/$(BUNDLE_EXECUTABLE_FOLDER_PATH)/Wingding";
			};
			name = Release;
		};
		4C1E03052D58E0570003C4B7 /* Debug */ = {
			isa = XCBuildConfiguration;
			buildSettings = {
				CODE_SIGN_STYLE = Automatic;
				CURRENT_PROJECT_VERSION = 1;
				DEVELOPMENT_TEAM = SJD3J9CYQ8;
				GENERATE_INFOPLIST_FILE = YES;
				IPHONEOS_DEPLOYMENT_TARGET = 17.4;
				MARKETING_VERSION = 1.0;
				PRODUCT_BUNDLE_IDENTIFIER = "com.committed-code.WingdingUITests";
				PRODUCT_NAME = "$(TARGET_NAME)";
				SWIFT_EMIT_LOC_STRINGS = NO;
				SWIFT_VERSION = 5.0;
				TARGETED_DEVICE_FAMILY = "1,2";
				TEST_TARGET_NAME = Wingding;
			};
			name = Debug;
		};
		4C1E03062D58E0570003C4B7 /* Release */ = {
			isa = XCBuildConfiguration;
			buildSettings = {
				CODE_SIGN_STYLE = Automatic;
				CURRENT_PROJECT_VERSION = 1;
				DEVELOPMENT_TEAM = SJD3J9CYQ8;
				GENERATE_INFOPLIST_FILE = YES;
				IPHONEOS_DEPLOYMENT_TARGET = 17.4;
				MARKETING_VERSION = 1.0;
				PRODUCT_BUNDLE_IDENTIFIER = "com.committed-code.WingdingUITests";
				PRODUCT_NAME = "$(TARGET_NAME)";
				SWIFT_EMIT_LOC_STRINGS = NO;
				SWIFT_VERSION = 5.0;
				TARGETED_DEVICE_FAMILY = "1,2";
				TEST_TARGET_NAME = Wingding;
			};
			name = Release;
		};
/* End XCBuildConfiguration section */

/* Begin XCConfigurationList section */
		4C1E02D52D58E0560003C4B7 /* Build configuration list for PBXProject "Wingding" */ = {
			isa = XCConfigurationList;
			buildConfigurations = (
				4C1E02FC2D58E0570003C4B7 /* Debug */,
				4C1E02FD2D58E0570003C4B7 /* Release */,
			);
			defaultConfigurationIsVisible = 0;
			defaultConfigurationName = Release;
		};
		4C1E02FE2D58E0570003C4B7 /* Build configuration list for PBXNativeTarget "Wingding" */ = {
			isa = XCConfigurationList;
			buildConfigurations = (
				4C1E02FF2D58E0570003C4B7 /* Debug */,
				4C1E03002D58E0570003C4B7 /* Release */,
			);
			defaultConfigurationIsVisible = 0;
			defaultConfigurationName = Release;
		};
		4C1E03012D58E0570003C4B7 /* Build configuration list for PBXNativeTarget "WingdingTests" */ = {
			isa = XCConfigurationList;
			buildConfigurations = (
				4C1E03022D58E0570003C4B7 /* Debug */,
				4C1E03032D58E0570003C4B7 /* Release */,
			);
			defaultConfigurationIsVisible = 0;
			defaultConfigurationName = Release;
		};
		4C1E03042D58E0570003C4B7 /* Build configuration list for PBXNativeTarget "WingdingUITests" */ = {
			isa = XCConfigurationList;
			buildConfigurations = (
				4C1E03052D58E0570003C4B7 /* Debug */,
				4C1E03062D58E0570003C4B7 /* Release */,
			);
			defaultConfigurationIsVisible = 0;
			defaultConfigurationName = Release;
		};
/* End XCConfigurationList section */

/* Begin XCRemoteSwiftPackageReference section */
		4C1E030B2D59375C0003C4B7 /* XCRemoteSwiftPackageReference "swift-collections" */ = {
			isa = XCRemoteSwiftPackageReference;
			repositoryURL = "https://github.com/apple/swift-collections.git";
			requirement = {
				kind = upToNextMajorVersion;
				minimumVersion = 1.1.4;
			};
		};
/* End XCRemoteSwiftPackageReference section */

/* Begin XCSwiftPackageProductDependency section */
		4C1E030C2D5937DA0003C4B7 /* Collections */ = {
			isa = XCSwiftPackageProductDependency;
			package = 4C1E030B2D59375C0003C4B7 /* XCRemoteSwiftPackageReference "swift-collections" */;
			productName = Collections;
		};
/* End XCSwiftPackageProductDependency section */
	};
	rootObject = 4C1E02D22D58E0560003C4B7 /* Project object */;
}
